// !$*UTF8*$!
{
	archiveVersion = 1;
	classes = {
	};
	objectVersion = 56;
	objects = {

/* Begin PBXBuildFile section */
		0D59057429FB85E00078E94F /* TabViewsApp.swift in Sources */ = {isa = PBXBuildFile; fileRef = 0D59057329FB85E00078E94F /* TabViewsApp.swift */; };
		0D59057629FB85E00078E94F /* ContentView.swift in Sources */ = {isa = PBXBuildFile; fileRef = 0D59057529FB85E00078E94F /* ContentView.swift */; };
		0D59057829FB85E10078E94F /* Assets.xcassets in Resources */ = {isa = PBXBuildFile; fileRef = 0D59057729FB85E10078E94F /* Assets.xcassets */; };
		0D59057B29FB85E10078E94F /* Preview Assets.xcassets in Resources */ = {isa = PBXBuildFile; fileRef = 0D59057A29FB85E10078E94F /* Preview Assets.xcassets */; };
		0D59058329FB8A920078E94F /* tabViewsApp.swift in Sources */ = {isa = PBXBuildFile; fileRef = 0D59058229FB8A920078E94F /* tabViewsApp.swift */; };
		0D59058529FB8AA20078E94F /* SentView.swift in Sources */ = {isa = PBXBuildFile; fileRef = 0D59058429FB8AA20078E94F /* SentView.swift */; };
		0D59058729FB8AB00078E94F /* AccountView.swift in Sources */ = {isa = PBXBuildFile; fileRef = 0D59058629FB8AB00078E94F /* AccountView.swift */; };
		0D59058929FB8AC30078E94F /* badge.swift in Sources */ = {isa = PBXBuildFile; fileRef = 0D59058829FB8AC30078E94F /* badge.swift */; };
		0D59058D29FB8AEF0078E94F /* ReceivedView.swift in Sources */ = {isa = PBXBuildFile; fileRef = 0D59058C29FB8AEF0078E94F /* ReceivedView.swift */; };
/* End PBXBuildFile section */

/* Begin PBXFileReference section */
		0D59057029FB85E00078E94F /* TabViews.app */ = {isa = PBXFileReference; explicitFileType = wrapper.application; includeInIndex = 0; path = TabViews.app; sourceTree = BUILT_PRODUCTS_DIR; };
		0D59057329FB85E00078E94F /* TabViewsApp.swift */ = {isa = PBXFileReference; lastKnownFileType = sourcecode.swift; path = TabViewsApp.swift; sourceTree = "<group>"; };
		0D59057529FB85E00078E94F /* ContentView.swift */ = {isa = PBXFileReference; lastKnownFileType = sourcecode.swift; path = ContentView.swift; sourceTree = "<group>"; };
		0D59057729FB85E10078E94F /* Assets.xcassets */ = {isa = PBXFileReference; lastKnownFileType = folder.assetcatalog; path = Assets.xcassets; sourceTree = "<group>"; };
		0D59057A29FB85E10078E94F /* Preview Assets.xcassets */ = {isa = PBXFileReference; lastKnownFileType = folder.assetcatalog; path = "Preview Assets.xcassets"; sourceTree = "<group>"; };
		0D59058229FB8A920078E94F /* tabViewsApp.swift */ = {isa = PBXFileReference; lastKnownFileType = sourcecode.swift; path = tabViewsApp.swift; sourceTree = "<group>"; };
		0D59058429FB8AA20078E94F /* SentView.swift */ = {isa = PBXFileReference; lastKnownFileType = sourcecode.swift; path = SentView.swift; sourceTree = "<group>"; };
		0D59058629FB8AB00078E94F /* AccountView.swift */ = {isa = PBXFileReference; lastKnownFileType = sourcecode.swift; path = AccountView.swift; sourceTree = "<group>"; };
		0D59058829FB8AC30078E94F /* badge.swift */ = {isa = PBXFileReference; lastKnownFileType = sourcecode.swift; path = badge.swift; sourceTree = "<group>"; };
		0D59058C29FB8AEF0078E94F /* ReceivedView.swift */ = {isa = PBXFileReference; lastKnownFileType = sourcecode.swift; path = ReceivedView.swift; sourceTree = "<group>"; };
/* End PBXFileReference section */

/* Begin PBXFrameworksBuildPhase section */
		0D59056D29FB85E00078E94F /* Frameworks */ = {
			isa = PBXFrameworksBuildPhase;
			buildActionMask = 2147483647;
			files = (
			);
			runOnlyForDeploymentPostprocessing = 0;
		};
/* End PBXFrameworksBuildPhase section */

/* Begin PBXGroup section */
		0D59056729FB85E00078E94F = {
			isa = PBXGroup;
			children = (
				0D59057229FB85E00078E94F /* TabViews */,
				0D59057129FB85E00078E94F /* Products */,
			);
			sourceTree = "<group>";
		};
		0D59057129FB85E00078E94F /* Products */ = {
			isa = PBXGroup;
			children = (
				0D59057029FB85E00078E94F /* TabViews.app */,
			);
			name = Products;
			sourceTree = "<group>";
		};
		0D59057229FB85E00078E94F /* TabViews */ = {
			isa = PBXGroup;
			children = (
				0D59058B29FB8ADB0078E94F /* Apps */,
				0D59058A29FB8AD00078E94F /* Models */,
				0D59058129FB8A610078E94F /* Views */,
				0D59057929FB85E10078E94F /* Preview Content */,
			);
			path = TabViews;
			sourceTree = "<group>";
		};
		0D59057929FB85E10078E94F /* Preview Content */ = {
			isa = PBXGroup;
			children = (
				0D59057A29FB85E10078E94F /* Preview Assets.xcassets */,
			);
			path = "Preview Content";
			sourceTree = "<group>";
		};
		0D59058129FB8A610078E94F /* Views */ = {
			isa = PBXGroup;
			children = (
				0D59057529FB85E00078E94F /* ContentView.swift */,
				0D59058229FB8A920078E94F /* tabViewsApp.swift */,
				0D59058429FB8AA20078E94F /* SentView.swift */,
				0D59058629FB8AB00078E94F /* AccountView.swift */,
				0D59058C29FB8AEF0078E94F /* ReceivedView.swift */,
			);
			path = Views;
			sourceTree = "<group>";
		};
		0D59058A29FB8AD00078E94F /* Models */ = {
			isa = PBXGroup;
			children = (
				0D59058829FB8AC30078E94F /* badge.swift */,
			);
			path = Models;
			sourceTree = "<group>";
		};
		0D59058B29FB8ADB0078E94F /* Apps */ = {
			isa = PBXGroup;
			children = (
				0D59057329FB85E00078E94F /* TabViewsApp.swift */,
				0D59057729FB85E10078E94F /* Assets.xcassets */,
			);
			path = Apps;
			sourceTree = "<group>";
		};
/* End PBXGroup section */

/* Begin PBXNativeTarget section */
		0D59056F29FB85E00078E94F /* TabViews */ = {
			isa = PBXNativeTarget;
			buildConfigurationList = 0D59057E29FB85E10078E94F /* Build configuration list for PBXNativeTarget "TabViews" */;
			buildPhases = (
				0D59056C29FB85E00078E94F /* Sources */,
				0D59056D29FB85E00078E94F /* Frameworks */,
				0D59056E29FB85E00078E94F /* Resources */,
			);
			buildRules = (
			);
			dependencies = (
			);
			name = TabViews;
			productName = TabViews;
			productReference = 0D59057029FB85E00078E94F /* TabViews.app */;
			productType = "com.apple.product-type.application";
		};
/* End PBXNativeTarget section */

/* Begin PBXProject section */
		0D59056829FB85E00078E94F /* Project object */ = {
			isa = PBXProject;
			attributes = {
				BuildIndependentTargetsInParallel = 1;
				LastSwiftUpdateCheck = 1430;
				LastUpgradeCheck = 1430;
				TargetAttributes = {
					0D59056F29FB85E00078E94F = {
						CreatedOnToolsVersion = 14.3;
					};
				};
			};
			buildConfigurationList = 0D59056B29FB85E00078E94F /* Build configuration list for PBXProject "TabViews" */;
			compatibilityVersion = "Xcode 14.0";
			developmentRegion = en;
			hasScannedForEncodings = 0;
			knownRegions = (
				en,
				Base,
			);
			mainGroup = 0D59056729FB85E00078E94F;
			productRefGroup = 0D59057129FB85E00078E94F /* Products */;
			projectDirPath = "";
			projectRoot = "";
			targets = (
				0D59056F29FB85E00078E94F /* TabViews */,
			);
		};
/* End PBXProject section */

/* Begin PBXResourcesBuildPhase section */
		0D59056E29FB85E00078E94F /* Resources */ = {
			isa = PBXResourcesBuildPhase;
			buildActionMask = 2147483647;
			files = (
				0D59057B29FB85E10078E94F /* Preview Assets.xcassets in Resources */,
				0D59057829FB85E10078E94F /* Assets.xcassets in Resources */,
			);
			runOnlyForDeploymentPostprocessing = 0;
		};
/* End PBXResourcesBuildPhase section */

/* Begin PBXSourcesBuildPhase section */
		0D59056C29FB85E00078E94F /* Sources */ = {
			isa = PBXSourcesBuildPhase;
			buildActionMask = 2147483647;
			files = (
				0D59058329FB8A920078E94F /* tabViewsApp.swift in Sources */,
				0D59057629FB85E00078E94F /* ContentView.swift in Sources */,
				0D59058529FB8AA20078E94F /* SentView.swift in Sources */,
				0D59057429FB85E00078E94F /* TabViewsApp.swift in Sources */,
				0D59058729FB8AB00078E94F /* AccountView.swift in Sources */,
				0D59058929FB8AC30078E94F /* badge.swift in Sources */,
				0D59058D29FB8AEF0078E94F /* ReceivedView.swift in Sources */,
			);
			runOnlyForDeploymentPostprocessing = 0;
		};
/* End PBXSourcesBuildPhase section */

/* Begin XCBuildConfiguration section */
		0D59057C29FB85E10078E94F /* Debug */ = {
			isa = XCBuildConfiguration;
			buildSettings = {
				ALWAYS_SEARCH_USER_PATHS = NO;
				CLANG_ANALYZER_NONNULL = YES;
				CLANG_ANALYZER_NUMBER_OBJECT_CONVERSION = YES_AGGRESSIVE;
				CLANG_CXX_LANGUAGE_STANDARD = "gnu++20";
				CLANG_ENABLE_MODULES = YES;
				CLANG_ENABLE_OBJC_ARC = YES;
				CLANG_ENABLE_OBJC_WEAK = YES;
				CLANG_WARN_BLOCK_CAPTURE_AUTORELEASING = YES;
				CLANG_WARN_BOOL_CONVERSION = YES;
				CLANG_WARN_COMMA = YES;
				CLANG_WARN_CONSTANT_CONVERSION = YES;
				CLANG_WARN_DEPRECATED_OBJC_IMPLEMENTATIONS = YES;
				CLANG_WARN_DIRECT_OBJC_ISA_USAGE = YES_ERROR;
				CLANG_WARN_DOCUMENTATION_COMMENTS = YES;
				CLANG_WARN_EMPTY_BODY = YES;
				CLANG_WARN_ENUM_CONVERSION = YES;
				CLANG_WARN_INFINITE_RECURSION = YES;
				CLANG_WARN_INT_CONVERSION = YES;
				CLANG_WARN_NON_LITERAL_NULL_CONVERSION = YES;
				CLANG_WARN_OBJC_IMPLICIT_RETAIN_SELF = YES;
				CLANG_WARN_OBJC_LITERAL_CONVERSION = YES;
				CLANG_WARN_OBJC_ROOT_CLASS = YES_ERROR;
				CLANG_WARN_QUOTED_INCLUDE_IN_FRAMEWORK_HEADER = YES;
				CLANG_WARN_RANGE_LOOP_ANALYSIS = YES;
				CLANG_WARN_STRICT_PROTOTYPES = YES;
				CLANG_WARN_SUSPICIOUS_MOVE = YES;
				CLANG_WARN_UNGUARDED_AVAILABILITY = YES_AGGRESSIVE;
				CLANG_WARN_UNREACHABLE_CODE = YES;
				CLANG_WARN__DUPLICATE_METHOD_MATCH = YES;
				COPY_PHASE_STRIP = NO;
				DEBUG_INFORMATION_FORMAT = dwarf;
				ENABLE_STRICT_OBJC_MSGSEND = YES;
				ENABLE_TESTABILITY = YES;
				GCC_C_LANGUAGE_STANDARD = gnu11;
				GCC_DYNAMIC_NO_PIC = NO;
				GCC_NO_COMMON_BLOCKS = YES;
				GCC_OPTIMIZATION_LEVEL = 0;
				GCC_PREPROCESSOR_DEFINITIONS = (
					"DEBUG=1",
					"$(inherited)",
				);
				GCC_WARN_64_TO_32_BIT_CONVERSION = YES;
				GCC_WARN_ABOUT_RETURN_TYPE = YES_ERROR;
				GCC_WARN_UNDECLARED_SELECTOR = YES;
				GCC_WARN_UNINITIALIZED_AUTOS = YES_AGGRESSIVE;
				GCC_WARN_UNUSED_FUNCTION = YES;
				GCC_WARN_UNUSED_VARIABLE = YES;
				IPHONEOS_DEPLOYMENT_TARGET = 16.4;
				MTL_ENABLE_DEBUG_INFO = INCLUDE_SOURCE;
				MTL_FAST_MATH = YES;
				ONLY_ACTIVE_ARCH = YES;
				SDKROOT = iphoneos;
				SWIFT_ACTIVE_COMPILATION_CONDITIONS = DEBUG;
				SWIFT_OPTIMIZATION_LEVEL = "-Onone";
			};
			name = Debug;
		};
		0D59057D29FB85E10078E94F /* Release */ = {
			isa = XCBuildConfiguration;
			buildSettings = {
				ALWAYS_SEARCH_USER_PATHS = NO;
				CLANG_ANALYZER_NONNULL = YES;
				CLANG_ANALYZER_NUMBER_OBJECT_CONVERSION = YES_AGGRESSIVE;
				CLANG_CXX_LANGUAGE_STANDARD = "gnu++20";
				CLANG_ENABLE_MODULES = YES;
				CLANG_ENABLE_OBJC_ARC = YES;
				CLANG_ENABLE_OBJC_WEAK = YES;
				CLANG_WARN_BLOCK_CAPTURE_AUTORELEASING = YES;
				CLANG_WARN_BOOL_CONVERSION = YES;
				CLANG_WARN_COMMA = YES;
				CLANG_WARN_CONSTANT_CONVERSION = YES;
				CLANG_WARN_DEPRECATED_OBJC_IMPLEMENTATIONS = YES;
				CLANG_WARN_DIRECT_OBJC_ISA_USAGE = YES_ERROR;
				CLANG_WARN_DOCUMENTATION_COMMENTS = YES;
				CLANG_WARN_EMPTY_BODY = YES;
				CLANG_WARN_ENUM_CONVERSION = YES;
				CLANG_WARN_INFINITE_RECURSION = YES;
				CLANG_WARN_INT_CONVERSION = YES;
				CLANG_WARN_NON_LITERAL_NULL_CONVERSION = YES;
				CLANG_WARN_OBJC_IMPLICIT_RETAIN_SELF = YES;
				CLANG_WARN_OBJC_LITERAL_CONVERSION = YES;
				CLANG_WARN_OBJC_ROOT_CLASS = YES_ERROR;
				CLANG_WARN_QUOTED_INCLUDE_IN_FRAMEWORK_HEADER = YES;
				CLANG_WARN_RANGE_LOOP_ANALYSIS = YES;
				CLANG_WARN_STRICT_PROTOTYPES = YES;
				CLANG_WARN_SUSPICIOUS_MOVE = YES;
				CLANG_WARN_UNGUARDED_AVAILABILITY = YES_AGGRESSIVE;
				CLANG_WARN_UNREACHABLE_CODE = YES;
				CLANG_WARN__DUPLICATE_METHOD_MATCH = YES;
				COPY_PHASE_STRIP = NO;
				DEBUG_INFORMATION_FORMAT = "dwarf-with-dsym";
				ENABLE_NS_ASSERTIONS = NO;
				ENABLE_STRICT_OBJC_MSGSEND = YES;
				GCC_C_LANGUAGE_STANDARD = gnu11;
				GCC_NO_COMMON_BLOCKS = YES;
				GCC_WARN_64_TO_32_BIT_CONVERSION = YES;
				GCC_WARN_ABOUT_RETURN_TYPE = YES_ERROR;
				GCC_WARN_UNDECLARED_SELECTOR = YES;
				GCC_WARN_UNINITIALIZED_AUTOS = YES_AGGRESSIVE;
				GCC_WARN_UNUSED_FUNCTION = YES;
				GCC_WARN_UNUSED_VARIABLE = YES;
				IPHONEOS_DEPLOYMENT_TARGET = 16.4;
				MTL_ENABLE_DEBUG_INFO = NO;
				MTL_FAST_MATH = YES;
				SDKROOT = iphoneos;
				SWIFT_COMPILATION_MODE = wholemodule;
				SWIFT_OPTIMIZATION_LEVEL = "-O";
				VALIDATE_PRODUCT = YES;
			};
			name = Release;
		};
		0D59057F29FB85E10078E94F /* Debug */ = {
			isa = XCBuildConfiguration;
			buildSettings = {
				ASSETCATALOG_COMPILER_APPICON_NAME = AppIcon;
				ASSETCATALOG_COMPILER_GLOBAL_ACCENT_COLOR_NAME = AccentColor;
				CODE_SIGN_STYLE = Automatic;
				CURRENT_PROJECT_VERSION = 1;
				DEVELOPMENT_ASSET_PATHS = "\"TabViews/Preview Content\"";
				ENABLE_PREVIEWS = YES;
				GENERATE_INFOPLIST_FILE = YES;
				INFOPLIST_KEY_UIApplicationSceneManifest_Generation = YES;
				INFOPLIST_KEY_UIApplicationSupportsIndirectInputEvents = YES;
				INFOPLIST_KEY_UILaunchScreen_Generation = YES;
				INFOPLIST_KEY_UISupportedInterfaceOrientations_iPad = "UIInterfaceOrientationPortrait UIInterfaceOrientationPortraitUpsideDown UIInterfaceOrientationLandscapeLeft UIInterfaceOrientationLandscapeRight";
				INFOPLIST_KEY_UISupportedInterfaceOrientations_iPhone = "UIInterfaceOrientationPortrait UIInterfaceOrientationLandscapeLeft UIInterfaceOrientationLandscapeRight";
				LD_RUNPATH_SEARCH_PATHS = (
					"$(inherited)",
					"@executable_path/Frameworks",
				);
				MARKETING_VERSION = 1.0;
				PRODUCT_BUNDLE_IDENTIFIER = abilginn02.TabViews;
				PRODUCT_NAME = "$(TARGET_NAME)";
				SWIFT_EMIT_LOC_STRINGS = YES;
				SWIFT_VERSION = 5.0;
				TARGETED_DEVICE_FAMILY = "1,2";
			};
			name = Debug;
		};
		0D59058029FB85E10078E94F /* Release */ = {
			isa = XCBuildConfiguration;
			buildSettings = {
				ASSETCATALOG_COMPILER_APPICON_NAME = AppIcon;
				ASSETCATALOG_COMPILER_GLOBAL_ACCENT_COLOR_NAME = AccentColor;
				CODE_SIGN_STYLE = Automatic;
				CURRENT_PROJECT_VERSION = 1;
				DEVELOPMENT_ASSET_PATHS = "\"TabViews/Preview Content\"";
				ENABLE_PREVIEWS = YES;
				GENERATE_INFOPLIST_FILE = YES;
				INFOPLIST_KEY_UIApplicationSceneManifest_Generation = YES;
				INFOPLIST_KEY_UIApplicationSupportsIndirectInputEvents = YES;
				INFOPLIST_KEY_UILaunchScreen_Generation = YES;
				INFOPLIST_KEY_UISupportedInterfaceOrientations_iPad = "UIInterfaceOrientationPortrait UIInterfaceOrientationPortraitUpsideDown UIInterfaceOrientationLandscapeLeft UIInterfaceOrientationLandscapeRight";
				INFOPLIST_KEY_UISupportedInterfaceOrientations_iPhone = "UIInterfaceOrientationPortrait UIInterfaceOrientationLandscapeLeft UIInterfaceOrientationLandscapeRight";
				LD_RUNPATH_SEARCH_PATHS = (
					"$(inherited)",
					"@executable_path/Frameworks",
				);
				MARKETING_VERSION = 1.0;
				PRODUCT_BUNDLE_IDENTIFIER = abilginn02.TabViews;
				PRODUCT_NAME = "$(TARGET_NAME)";
				SWIFT_EMIT_LOC_STRINGS = YES;
				SWIFT_VERSION = 5.0;
				TARGETED_DEVICE_FAMILY = "1,2";
			};
			name = Release;
		};
/* End XCBuildConfiguration section */

/* Begin XCConfigurationList section */
		0D59056B29FB85E00078E94F /* Build configuration list for PBXProject "TabViews" */ = {
			isa = XCConfigurationList;
			buildConfigurations = (
				0D59057C29FB85E10078E94F /* Debug */,
				0D59057D29FB85E10078E94F /* Release */,
			);
			defaultConfigurationIsVisible = 0;
			defaultConfigurationName = Release;
		};
		0D59057E29FB85E10078E94F /* Build configuration list for PBXNativeTarget "TabViews" */ = {
			isa = XCConfigurationList;
			buildConfigurations = (
				0D59057F29FB85E10078E94F /* Debug */,
				0D59058029FB85E10078E94F /* Release */,
			);
			defaultConfigurationIsVisible = 0;
			defaultConfigurationName = Release;
		};
/* End XCConfigurationList section */
	};
	rootObject = 0D59056829FB85E00078E94F /* Project object */;
}
